
Microsoft Visual Studio Solution File, Format Version 12.00
# Visual Studio Version 16
VisualStudioVersion = 16.0.32228.343
MinimumVisualStudioVersion = 10.0.40219.1
Project("{FAE04EC0-301F-11D3-BF4B-00C04F79EFBC}") = "DuelSys", "DuelSys\DuelSys.csproj", "{D25DA3EA-AB24-445E-B21F-5020E6A02C10}"
EndProject
Project("{FAE04EC0-301F-11D3-BF4B-00C04F79EFBC}") = "TestDuelSys", "TestDuelSys\TestDuelSys.csproj", "{C1ACCBF9-D076-4FF2-AB8B-888C2CE6E533}"
EndProject
Global
	GlobalSection(SolutionConfigurationPlatforms) = preSolution
		Debug|Any CPU = Debug|Any CPU
		Release|Any CPU = Release|Any CPU
	EndGlobalSection
	GlobalSection(ProjectConfigurationPlatforms) = postSolution
		{D25DA3EA-AB24-445E-B21F-5020E6A02C10}.Debug|Any CPU.ActiveCfg = Debug|Any CPU
		{D25DA3EA-AB24-445E-B21F-5020E6A02C10}.Debug|Any CPU.Build.0 = Debug|Any CPU
		{D25DA3EA-AB24-445E-B21F-5020E6A02C10}.Release|Any CPU.ActiveCfg = Release|Any CPU
		{D25DA3EA-AB24-445E-B21F-5020E6A02C10}.Release|Any CPU.Build.0 = Release|Any CPU
		{C1ACCBF9-D076-4FF2-AB8B-888C2CE6E533}.Debug|Any CPU.ActiveCfg = Debug|Any CPU
		{C1ACCBF9-D076-4FF2-AB8B-888C2CE6E533}.Debug|Any CPU.Build.0 = Debug|Any CPU
		{C1ACCBF9-D076-4FF2-AB8B-888C2CE6E533}.Release|Any CPU.ActiveCfg = Release|Any CPU
		{C1ACCBF9-D076-4FF2-AB8B-888C2CE6E533}.Release|Any CPU.Build.0 = Release|Any CPU
	EndGlobalSection
	GlobalSection(SolutionProperties) = preSolution
		HideSolutionNode = FALSE
	EndGlobalSection
	GlobalSection(ExtensibilityGlobals) = postSolution
		SolutionGuid = {4ED4B659-D487-4786-ACC3-62EBD1D23C0D}
	EndGlobalSection
EndGlobal
